
Microsoft Visual Studio Solution File, Format Version 12.00
# Visual Studio Version 17
VisualStudioVersion = 17.2.32526.322
MinimumVisualStudioVersion = 10.0.40219.1
Project("{FAE04EC0-301F-11D3-BF4B-00C04F79EFBC}") = "SuperCarros", "SuperCarros\SuperCarros.csproj", "{22762084-0F33-45C7-9B0C-B7327ED021E0}"
EndProject
Global
	GlobalSection(SolutionConfigurationPlatforms) = preSolution
		Debug|Any CPU = Debug|Any CPU
		Release|Any CPU = Release|Any CPU
	EndGlobalSection
	GlobalSection(ProjectConfigurationPlatforms) = postSolution
		{22762084-0F33-45C7-9B0C-B7327ED021E0}.Debug|Any CPU.ActiveCfg = Debug|Any CPU
		{22762084-0F33-45C7-9B0C-B7327ED021E0}.Debug|Any CPU.Build.0 = Debug|Any CPU
		{22762084-0F33-45C7-9B0C-B7327ED021E0}.Release|Any CPU.ActiveCfg = Release|Any CPU
		{22762084-0F33-45C7-9B0C-B7327ED021E0}.Release|Any CPU.Build.0 = Release|Any CPU
	EndGlobalSection
	GlobalSection(SolutionProperties) = preSolution
		HideSolutionNode = FALSE
	EndGlobalSection
	GlobalSection(ExtensibilityGlobals) = postSolution
		SolutionGuid = {BDFDE282-1743-44BD-8F61-D0602E121987}
	EndGlobalSection
EndGlobal
